
Microsoft Visual Studio Solution File, Format Version 12.00
# Visual Studio Version 17
VisualStudioVersion = 17.9.34728.123
MinimumVisualStudioVersion = 10.0.40219.1
Project("{8BC9CEB8-8B4A-11D0-8D11-00A0C91BC942}") = "01.Datenbank", "01.Datenbank\58.Datenbank.vcxproj", "{E440B6A0-D2C2-4BC2-858F-011878AE0F7B}"
EndProject
Project("{8BC9CEB8-8B4A-11D0-8D11-00A0C91BC942}") = "02.Kunde-Konto-Adresse-OnlineBanking", "02.Kunde-Konto-Adresse-OnlineBanking\06.Kunde-Konto-Adresse-OnlineBanking.vcxproj", "{72B032D1-1ADD-4863-A769-2A963BDCC9F4}"
EndProject
Project("{8BC9CEB8-8B4A-11D0-8D11-00A0C91BC942}") = "03.Pong", "03.Pong\03.Pong.vcxproj", "{6603DB92-1CBA-4452-BA9F-2484DB73D747}"
EndProject
Global
	GlobalSection(SolutionConfigurationPlatforms) = preSolution
		Debug|x64 = Debug|x64
		Debug|x86 = Debug|x86
		Release|x64 = Release|x64
		Release|x86 = Release|x86
	EndGlobalSection
	GlobalSection(ProjectConfigurationPlatforms) = postSolution
		{E440B6A0-D2C2-4BC2-858F-011878AE0F7B}.Debug|x64.ActiveCfg = Debug|x64
		{E440B6A0-D2C2-4BC2-858F-011878AE0F7B}.Debug|x64.Build.0 = Debug|x64
		{E440B6A0-D2C2-4BC2-858F-011878AE0F7B}.Debug|x86.ActiveCfg = Debug|Win32
		{E440B6A0-D2C2-4BC2-858F-011878AE0F7B}.Debug|x86.Build.0 = Debug|Win32
		{E440B6A0-D2C2-4BC2-858F-011878AE0F7B}.Release|x64.ActiveCfg = Release|x64
		{E440B6A0-D2C2-4BC2-858F-011878AE0F7B}.Release|x64.Build.0 = Release|x64
		{E440B6A0-D2C2-4BC2-858F-011878AE0F7B}.Release|x86.ActiveCfg = Release|Win32
		{E440B6A0-D2C2-4BC2-858F-011878AE0F7B}.Release|x86.Build.0 = Release|Win32
		{72B032D1-1ADD-4863-A769-2A963BDCC9F4}.Debug|x64.ActiveCfg = Debug|x64
		{72B032D1-1ADD-4863-A769-2A963BDCC9F4}.Debug|x64.Build.0 = Debug|x64
		{72B032D1-1ADD-4863-A769-2A963BDCC9F4}.Debug|x86.ActiveCfg = Debug|Win32
		{72B032D1-1ADD-4863-A769-2A963BDCC9F4}.Debug|x86.Build.0 = Debug|Win32
		{72B032D1-1ADD-4863-A769-2A963BDCC9F4}.Release|x64.ActiveCfg = Release|x64
		{72B032D1-1ADD-4863-A769-2A963BDCC9F4}.Release|x64.Build.0 = Release|x64
		{72B032D1-1ADD-4863-A769-2A963BDCC9F4}.Release|x86.ActiveCfg = Release|Win32
		{72B032D1-1ADD-4863-A769-2A963BDCC9F4}.Release|x86.Build.0 = Release|Win32
		{6603DB92-1CBA-4452-BA9F-2484DB73D747}.Debug|x64.ActiveCfg = Debug|x64
		{6603DB92-1CBA-4452-BA9F-2484DB73D747}.Debug|x64.Build.0 = Debug|x64
		{6603DB92-1CBA-4452-BA9F-2484DB73D747}.Debug|x86.ActiveCfg = Debug|Win32
		{6603DB92-1CBA-4452-BA9F-2484DB73D747}.Debug|x86.Build.0 = Debug|Win32
		{6603DB92-1CBA-4452-BA9F-2484DB73D747}.Release|x64.ActiveCfg = Release|x64
		{6603DB92-1CBA-4452-BA9F-2484DB73D747}.Release|x64.Build.0 = Release|x64
		{6603DB92-1CBA-4452-BA9F-2484DB73D747}.Release|x86.ActiveCfg = Release|Win32
		{6603DB92-1CBA-4452-BA9F-2484DB73D747}.Release|x86.Build.0 = Release|Win32
	EndGlobalSection
	GlobalSection(SolutionProperties) = preSolution
		HideSolutionNode = FALSE
	EndGlobalSection
	GlobalSection(ExtensibilityGlobals) = postSolution
		SolutionGuid = {967C66EE-8B62-47FB-A962-7BF0332BCB59}
	EndGlobalSection
EndGlobal
